
Microsoft Visual Studio Solution File, Format Version 12.00
# Visual Studio Version 17
VisualStudioVersion = 17.11.35222.181
MinimumVisualStudioVersion = 10.0.40219.1
Project("{FAE04EC0-301F-11D3-BF4B-00C04F79EFBC}") = "Week5Logic", "Week5Logic\Week5Logic.csproj", "{0723A948-4F42-4FDB-89D5-F0608BB81588}"
EndProject
Project("{FAE04EC0-301F-11D3-BF4B-00C04F79EFBC}") = "ANDOperator", "ANDOperator\ANDOperator.csproj", "{9BE5884A-3FEF-4E66-9EDF-A6C0BAEA523D}"
EndProject
Project("{FAE04EC0-301F-11D3-BF4B-00C04F79EFBC}") = "OROperator", "OROperator\OROperator.csproj", "{CCBEE11A-0137-40AF-8125-223074EF7F96}"
EndProject
Project("{FAE04EC0-301F-11D3-BF4B-00C04F79EFBC}") = "ANDranges", "ANDranges\ANDranges.csproj", "{E0AD802D-3C25-4EB8-AB90-3474D445A7B0}"
EndProject
Global
	GlobalSection(SolutionConfigurationPlatforms) = preSolution
		Debug|Any CPU = Debug|Any CPU
		Release|Any CPU = Release|Any CPU
	EndGlobalSection
	GlobalSection(ProjectConfigurationPlatforms) = postSolution
		{0723A948-4F42-4FDB-89D5-F0608BB81588}.Debug|Any CPU.ActiveCfg = Debug|Any CPU
		{0723A948-4F42-4FDB-89D5-F0608BB81588}.Debug|Any CPU.Build.0 = Debug|Any CPU
		{0723A948-4F42-4FDB-89D5-F0608BB81588}.Release|Any CPU.ActiveCfg = Release|Any CPU
		{0723A948-4F42-4FDB-89D5-F0608BB81588}.Release|Any CPU.Build.0 = Release|Any CPU
		{9BE5884A-3FEF-4E66-9EDF-A6C0BAEA523D}.Debug|Any CPU.ActiveCfg = Debug|Any CPU
		{9BE5884A-3FEF-4E66-9EDF-A6C0BAEA523D}.Debug|Any CPU.Build.0 = Debug|Any CPU
		{9BE5884A-3FEF-4E66-9EDF-A6C0BAEA523D}.Release|Any CPU.ActiveCfg = Release|Any CPU
		{9BE5884A-3FEF-4E66-9EDF-A6C0BAEA523D}.Release|Any CPU.Build.0 = Release|Any CPU
		{CCBEE11A-0137-40AF-8125-223074EF7F96}.Debug|Any CPU.ActiveCfg = Debug|Any CPU
		{CCBEE11A-0137-40AF-8125-223074EF7F96}.Debug|Any CPU.Build.0 = Debug|Any CPU
		{CCBEE11A-0137-40AF-8125-223074EF7F96}.Release|Any CPU.ActiveCfg = Release|Any CPU
		{CCBEE11A-0137-40AF-8125-223074EF7F96}.Release|Any CPU.Build.0 = Release|Any CPU
		{E0AD802D-3C25-4EB8-AB90-3474D445A7B0}.Debug|Any CPU.ActiveCfg = Debug|Any CPU
		{E0AD802D-3C25-4EB8-AB90-3474D445A7B0}.Debug|Any CPU.Build.0 = Debug|Any CPU
		{E0AD802D-3C25-4EB8-AB90-3474D445A7B0}.Release|Any CPU.ActiveCfg = Release|Any CPU
		{E0AD802D-3C25-4EB8-AB90-3474D445A7B0}.Release|Any CPU.Build.0 = Release|Any CPU
	EndGlobalSection
	GlobalSection(SolutionProperties) = preSolution
		HideSolutionNode = FALSE
	EndGlobalSection
	GlobalSection(ExtensibilityGlobals) = postSolution
		SolutionGuid = {0A419BF0-00C2-4458-BC0A-1DB0D0D33CD6}
	EndGlobalSection
EndGlobal
